
Microsoft Visual Studio Solution File, Format Version 12.00
# Visual Studio 15
Project("{FAE04EC0-301F-11D3-BF4B-00C04F79EFBC}") = "Assembly-CSharp-firstpass", "Assembly-CSharp-firstpass.csproj", "{7D0BF67A-8513-649A-F0A0-08E4AE6F5D0E}"
EndProject
Project("{FAE04EC0-301F-11D3-BF4B-00C04F79EFBC}") = "Assembly-CSharp", "Assembly-CSharp.csproj", "{42ED8DDB-B918-7B4F-31D2-F7615D2747A9}"
EndProject
Global
	GlobalSection(SolutionConfigurationPlatforms) = preSolution
		Debug|Any CPU = Debug|Any CPU
		Release|Any CPU = Release|Any CPU
	EndGlobalSection
	GlobalSection(ProjectConfigurationPlatforms) = postSolution
		{7D0BF67A-8513-649A-F0A0-08E4AE6F5D0E}.Debug|Any CPU.ActiveCfg = Debug|Any CPU
		{7D0BF67A-8513-649A-F0A0-08E4AE6F5D0E}.Debug|Any CPU.Build.0 = Debug|Any CPU
		{7D0BF67A-8513-649A-F0A0-08E4AE6F5D0E}.Release|Any CPU.ActiveCfg = Release|Any CPU
		{7D0BF67A-8513-649A-F0A0-08E4AE6F5D0E}.Release|Any CPU.Build.0 = Release|Any CPU
		{42ED8DDB-B918-7B4F-31D2-F7615D2747A9}.Debug|Any CPU.ActiveCfg = Debug|Any CPU
		{42ED8DDB-B918-7B4F-31D2-F7615D2747A9}.Debug|Any CPU.Build.0 = Debug|Any CPU
		{42ED8DDB-B918-7B4F-31D2-F7615D2747A9}.Release|Any CPU.ActiveCfg = Release|Any CPU
		{42ED8DDB-B918-7B4F-31D2-F7615D2747A9}.Release|Any CPU.Build.0 = Release|Any CPU
	EndGlobalSection
	GlobalSection(SolutionProperties) = preSolution
		HideSolutionNode = FALSE
	EndGlobalSection
EndGlobal
